
Microsoft Visual Studio Solution File, Format Version 12.00
# Visual Studio Version 17
VisualStudioVersion = 17.8.34330.188
MinimumVisualStudioVersion = 10.0.40219.1
Project("{FAE04EC0-301F-11D3-BF4B-00C04F79EFBC}") = "AmazonBedRock.Demo", "AmazonBedRock.Demo\AmazonBedRock.Demo.csproj", "{1BF88125-2A4E-4456-A0BA-CFBA1A996B52}"
EndProject
Global
	GlobalSection(SolutionConfigurationPlatforms) = preSolution
		Debug|Any CPU = Debug|Any CPU
		Release|Any CPU = Release|Any CPU
	EndGlobalSection
	GlobalSection(ProjectConfigurationPlatforms) = postSolution
		{1BF88125-2A4E-4456-A0BA-CFBA1A996B52}.Debug|Any CPU.ActiveCfg = Debug|Any CPU
		{1BF88125-2A4E-4456-A0BA-CFBA1A996B52}.Debug|Any CPU.Build.0 = Debug|Any CPU
		{1BF88125-2A4E-4456-A0BA-CFBA1A996B52}.Release|Any CPU.ActiveCfg = Release|Any CPU
		{1BF88125-2A4E-4456-A0BA-CFBA1A996B52}.Release|Any CPU.Build.0 = Release|Any CPU
	EndGlobalSection
	GlobalSection(SolutionProperties) = preSolution
		HideSolutionNode = FALSE
	EndGlobalSection
	GlobalSection(ExtensibilityGlobals) = postSolution
		SolutionGuid = {5A0F1D2C-5973-4D50-8F28-8268583BAB8B}
	EndGlobalSection
EndGlobal
